
Microsoft Visual Studio Solution File, Format Version 12.00
# Visual Studio Version 17
VisualStudioVersion = 17.0.32014.148
MinimumVisualStudioVersion = 10.0.40219.1
Project("{9A19103F-16F7-4668-BE54-9A1E7A4F7556}") = "ConsoleApp1", "ConsoleApp1\ConsoleApp1.csproj", "{DBE90562-A18C-4A68-8961-22BA6EA4DE03}"
EndProject
Project("{FAE04EC0-301F-11D3-BF4B-00C04F79EFBC}") = "WinFormsApp1", "WinFormsApp1\WinFormsApp1.csproj", "{AE421861-9086-4268-B299-4AF2280C2174}"
EndProject
Global
	GlobalSection(SolutionConfigurationPlatforms) = preSolution
		Debug|Any CPU = Debug|Any CPU
		Release|Any CPU = Release|Any CPU
	EndGlobalSection
	GlobalSection(ProjectConfigurationPlatforms) = postSolution
		{DBE90562-A18C-4A68-8961-22BA6EA4DE03}.Debug|Any CPU.ActiveCfg = Debug|Any CPU
		{DBE90562-A18C-4A68-8961-22BA6EA4DE03}.Debug|Any CPU.Build.0 = Debug|Any CPU
		{DBE90562-A18C-4A68-8961-22BA6EA4DE03}.Release|Any CPU.ActiveCfg = Release|Any CPU
		{DBE90562-A18C-4A68-8961-22BA6EA4DE03}.Release|Any CPU.Build.0 = Release|Any CPU
		{AE421861-9086-4268-B299-4AF2280C2174}.Debug|Any CPU.ActiveCfg = Debug|Any CPU
		{AE421861-9086-4268-B299-4AF2280C2174}.Debug|Any CPU.Build.0 = Debug|Any CPU
		{AE421861-9086-4268-B299-4AF2280C2174}.Release|Any CPU.ActiveCfg = Release|Any CPU
		{AE421861-9086-4268-B299-4AF2280C2174}.Release|Any CPU.Build.0 = Release|Any CPU
	EndGlobalSection
	GlobalSection(SolutionProperties) = preSolution
		HideSolutionNode = FALSE
	EndGlobalSection
	GlobalSection(ExtensibilityGlobals) = postSolution
		SolutionGuid = {788D67A8-4740-4118-81A5-18F9984474C5}
	EndGlobalSection
EndGlobal
